{
  "nodes": {
    "agenix": {
      "inputs": {
        "nixpkgs": [
          "nixpkgs"
        ]
      },
      "locked": {
        "lastModified": 1665870395,
        "narHash": "sha256-Tsbqb27LDNxOoPLh0gw2hIb6L/6Ow/6lIBvqcHzEKBI=",
        "owner": "ryantm",
        "repo": "agenix",
        "rev": "a630400067c6d03c9b3e0455347dc8559db14288",
        "type": "github"
      },
      "original": {
        "owner": "ryantm",
        "repo": "agenix",
        "type": "github"
      }
    },
    "flake-compat": {
      "flake": false,
      "locked": {
        "lastModified": 1650374568,
        "narHash": "sha256-Z+s0J8/r907g149rllvwhb4pKi8Wam5ij0st8PwAh+E=",
        "owner": "edolstra",
        "repo": "flake-compat",
        "rev": "b4a34015c698c7793d592d66adbab377907a2be8",
        "type": "github"
      },
      "original": {
        "owner": "edolstra",
        "repo": "flake-compat",
        "type": "github"
      }
    },
    "flake-utils": {
      "locked": {
        "lastModified": 1659877975,
        "narHash": "sha256-zllb8aq3YO3h8B/U0/J1WBgAL8EX5yWf5pMj3G0NAmc=",
        "owner": "numtide",
        "repo": "flake-utils",
        "rev": "c0e246b9b83f637f4681389ecabcb2681b4f3af0",
        "type": "github"
      },
      "original": {
        "owner": "numtide",
        "repo": "flake-utils",
        "type": "github"
      }
    },
    "home-manager": {
      "inputs": {
        "nixpkgs": [
          "nixpkgs"
        ]
      },
      "locked": {
        "lastModified": 1665996265,
        "narHash": "sha256-/k9og6LDBQwT+f/tJ5ClcWiUl8kCX5m6ognhsAxOiCY=",
        "owner": "nix-community",
        "repo": "home-manager",
        "rev": "b81e128fc053ab3159d7b464d9b7dedc9d6a6891",
        "type": "github"
      },
      "original": {
        "owner": "nix-community",
        "ref": "release-22.05",
        "repo": "home-manager",
        "type": "github"
      }
    },
    "impermanence": {
      "locked": {
        "lastModified": 1661933071,
        "narHash": "sha256-RFgfzldpbCvS+H2qwH+EvNejvqs+NhPVD5j1I7HQQPY=",
        "owner": "nix-community",
        "repo": "impermanence",
        "rev": "def994adbdfc28974e87b0e4c949e776207d5557",
        "type": "github"
      },
      "original": {
        "owner": "nix-community",
        "repo": "impermanence",
        "type": "github"
      }
    },
    "libnbtplusplus": {
      "flake": false,
      "locked": {
        "lastModified": 1650031308,
        "narHash": "sha256-TvVOjkUobYJD9itQYueELJX3wmecvEdCbJ0FinW2mL4=",
        "owner": "PrismLauncher",
        "repo": "libnbtplusplus",
        "rev": "2203af7eeb48c45398139b583615134efd8d407f",
        "type": "github"
      },
      "original": {
        "owner": "PrismLauncher",
        "repo": "libnbtplusplus",
        "type": "github"
      }
    },
    "nixpkgs": {
      "locked": {
        "lastModified": 1666767323,
        "narHash": "sha256-drbsgF8iLzQQ6umzOU/idYkI+UoifQdpH+mwohB3J7c=",
        "owner": "nixos",
        "repo": "nixpkgs",
        "rev": "e6e675cafe6a1d1b0eeb9ac3fe046091244b714e",
        "type": "github"
      },
      "original": {
        "owner": "nixos",
        "ref": "nixos-22.05",
        "repo": "nixpkgs",
        "type": "github"
      }
    },
    "nixpkgs-unstable": {
      "locked": {
        "lastModified": 1666703756,
        "narHash": "sha256-GwpMJ1hT+z1fMAUkaGtvbvofJQwdVFDEGVhfE82+AUk=",
        "owner": "nixos",
        "repo": "nixpkgs",
        "rev": "f994293d1eb8812f032e8919e10a594567cf6ef7",
        "type": "github"
      },
      "original": {
        "owner": "nixos",
        "ref": "nixos-unstable",
        "repo": "nixpkgs",
        "type": "github"
      }
    },
    "nur": {
      "locked": {
        "lastModified": 1666877683,
        "narHash": "sha256-80uoqWAkSHIrmhoXt/pP7HoSeBv9UAeSjTv34yESbt0=",
        "owner": "nix-community",
        "repo": "NUR",
        "rev": "ec9df65fe29210b148985cfc83579d5be609d3eb",
        "type": "github"
      },
      "original": {
        "owner": "nix-community",
        "repo": "NUR",
        "type": "github"
      }
    },
    "prismlauncher": {
      "inputs": {
        "flake-compat": "flake-compat",
        "libnbtplusplus": "libnbtplusplus",
        "nixpkgs": [
          "nixpkgs-unstable"
        ],
        "tomlplusplus": "tomlplusplus"
      },
      "locked": {
        "lastModified": 1666742985,
        "narHash": "sha256-AotIXkf9KLI468IT2lkswvJClmT1OgUwQbuvMHLruFo=",
        "owner": "PrismLauncher",
        "repo": "PrismLauncher",
        "rev": "610b9711178d164a41f76106968c3fb511570fd8",
        "type": "github"
      },
      "original": {
        "owner": "PrismLauncher",
        "repo": "PrismLauncher",
        "type": "github"
      }
    },
    "root": {
      "inputs": {
        "agenix": "agenix",
        "flake-utils": "flake-utils",
        "home-manager": "home-manager",
        "impermanence": "impermanence",
        "nixpkgs": "nixpkgs",
        "nixpkgs-unstable": "nixpkgs-unstable",
        "nur": "nur",
        "prismlauncher": "prismlauncher"
      }
    },
    "tomlplusplus": {
      "flake": false,
      "locked": {
        "lastModified": 1666091090,
        "narHash": "sha256-djpMCFPvkJcfynV8WnsYdtwLq+J7jpV1iM4C6TojiyM=",
        "owner": "marzer",
        "repo": "tomlplusplus",
        "rev": "1e4a3833d013aee08f58c5b31c69f709afc69f73",
        "type": "github"
      },
      "original": {
        "owner": "marzer",
        "repo": "tomlplusplus",
        "type": "github"
      }
    }
  },
  "root": "root",
  "version": 7
}
